
Microsoft Visual Studio Solution File, Format Version 12.00
# Visual Studio Version 17
VisualStudioVersion = 17.5.002.0
MinimumVisualStudioVersion = 10.0.40219.1
Project("{2150E333-8FDC-42A3-9474-1A3956D46DE8}") = "csharp-prep", "csharp-prep", "{CD6A6022-CD5E-446C-BFF3-1B3565CA30AA}"
EndProject
Project("{9A19103F-16F7-4668-BE54-9A1E7A4F7556}") = "Prep1", "csharp-prep\Prep1\Prep1.csproj", "{9B8A23A6-A676-4B51-A10C-2C18D9020936}"
EndProject
Project("{9A19103F-16F7-4668-BE54-9A1E7A4F7556}") = "Prep2", "csharp-prep\Prep2\Prep2.csproj", "{F7374769-9D55-4850-AA83-30668F8325EF}"
EndProject
Project("{9A19103F-16F7-4668-BE54-9A1E7A4F7556}") = "Prep3", "csharp-prep\Prep3\Prep3.csproj", "{0BE3B271-A505-4A68-9C02-3D7F0EF131E7}"
EndProject
Project("{9A19103F-16F7-4668-BE54-9A1E7A4F7556}") = "Prep4", "csharp-prep\Prep4\Prep4.csproj", "{DB733601-BCF5-40D6-BE8E-CE6C9DDE4564}"
EndProject
Project("{9A19103F-16F7-4668-BE54-9A1E7A4F7556}") = "Prep5", "csharp-prep\Prep5\Prep5.csproj", "{1B78F2AC-081A-4321-99B3-F4F882C91C84}"
EndProject
Project("{2150E333-8FDC-42A3-9474-1A3956D46DE8}") = "final", "final", "{FF3045E2-0470-4675-99F2-FBCD2BB880ED}"
EndProject
Project("{9A19103F-16F7-4668-BE54-9A1E7A4F7556}") = "FinalProject", "final\FinalProject\FinalProject.csproj", "{A235F3D4-51C1-417C-BEC9-955D78689E8F}"
EndProject
Project("{9A19103F-16F7-4668-BE54-9A1E7A4F7556}") = "Foundation1", "final\Foundation1\Foundation1.csproj", "{A0765C40-E37D-4EEE-9100-63DAD79C2678}"
EndProject
Project("{9A19103F-16F7-4668-BE54-9A1E7A4F7556}") = "Foundation2", "final\Foundation2\Foundation2.csproj", "{14CC9103-209A-4D38-97AC-951D55C315F1}"
EndProject
Project("{9A19103F-16F7-4668-BE54-9A1E7A4F7556}") = "Foundation3", "final\Foundation3\Foundation3.csproj", "{A056B32D-C458-4A14-8AD2-00387D6A3965}"
EndProject
Project("{9A19103F-16F7-4668-BE54-9A1E7A4F7556}") = "Foundation4", "final\Foundation4\Foundation4.csproj", "{AA2A7C9F-BE9A-460F-8A2E-97FEDDFB30F4}"
EndProject
Project("{2150E333-8FDC-42A3-9474-1A3956D46DE8}") = "prepare", "prepare", "{56A36317-4AEC-40F2-8434-7FC4CE05F836}"
EndProject
Project("{9A19103F-16F7-4668-BE54-9A1E7A4F7556}") = "Learning02", "prepare\Learning02\Learning02.csproj", "{CB60E9F3-12E8-4C01-86A2-D966C0A1580B}"
EndProject
Project("{9A19103F-16F7-4668-BE54-9A1E7A4F7556}") = "Learning03", "prepare\Learning03\Learning03.csproj", "{52EA7BBB-99A1-4AD4-A504-53A73A7A89D9}"
EndProject
Project("{9A19103F-16F7-4668-BE54-9A1E7A4F7556}") = "Learning04", "prepare\Learning04\Learning04.csproj", "{A75561AC-A01E-4241-B954-D899EEB5D74B}"
EndProject
Project("{9A19103F-16F7-4668-BE54-9A1E7A4F7556}") = "Learning05", "prepare\Learning05\Learning05.csproj", "{A5ADEAB3-3954-45A1-824F-F74F96CEA1A2}"
EndProject
Project("{2150E333-8FDC-42A3-9474-1A3956D46DE8}") = "prove", "prove", "{3AC3ED1A-B5FF-4E92-B0A4-0139F84C17E2}"
EndProject
Project("{9A19103F-16F7-4668-BE54-9A1E7A4F7556}") = "Develop02", "prove\Develop02\Develop02.csproj", "{6466473F-D372-4DE7-8D25-C1A046B1E98F}"
EndProject
Project("{9A19103F-16F7-4668-BE54-9A1E7A4F7556}") = "Develop03", "prove\Develop03\Develop03.csproj", "{4ED96429-39EB-46F0-95BA-EF86208FD91C}"
EndProject
Project("{9A19103F-16F7-4668-BE54-9A1E7A4F7556}") = "Develop04", "prove\Develop04\Develop04.csproj", "{0E06E49C-6B2F-449C-A8E3-5676B51A825C}"
EndProject
Project("{9A19103F-16F7-4668-BE54-9A1E7A4F7556}") = "Develop05", "prove\Develop05\Develop05.csproj", "{2D49B040-262F-4F26-B2F2-380606F14D39}"
EndProject
Project("{2150E333-8FDC-42A3-9474-1A3956D46DE8}") = "sandbox", "sandbox", "{985ACF06-95BA-4EDC-9CEE-208FE2B69F5F}"
EndProject
Project("{9A19103F-16F7-4668-BE54-9A1E7A4F7556}") = "Sandbox", "sandbox\Sandbox\Sandbox.csproj", "{E5A12CB3-E9FB-4883-B101-E7CECD0CBC6D}"
EndProject
Global
	GlobalSection(SolutionConfigurationPlatforms) = preSolution
		Debug|Any CPU = Debug|Any CPU
		Release|Any CPU = Release|Any CPU
	EndGlobalSection
	GlobalSection(ProjectConfigurationPlatforms) = postSolution
		{9B8A23A6-A676-4B51-A10C-2C18D9020936}.Debug|Any CPU.ActiveCfg = Debug|Any CPU
		{9B8A23A6-A676-4B51-A10C-2C18D9020936}.Debug|Any CPU.Build.0 = Debug|Any CPU
		{9B8A23A6-A676-4B51-A10C-2C18D9020936}.Release|Any CPU.ActiveCfg = Release|Any CPU
		{9B8A23A6-A676-4B51-A10C-2C18D9020936}.Release|Any CPU.Build.0 = Release|Any CPU
		{F7374769-9D55-4850-AA83-30668F8325EF}.Debug|Any CPU.ActiveCfg = Debug|Any CPU
		{F7374769-9D55-4850-AA83-30668F8325EF}.Debug|Any CPU.Build.0 = Debug|Any CPU
		{F7374769-9D55-4850-AA83-30668F8325EF}.Release|Any CPU.ActiveCfg = Release|Any CPU
		{F7374769-9D55-4850-AA83-30668F8325EF}.Release|Any CPU.Build.0 = Release|Any CPU
		{0BE3B271-A505-4A68-9C02-3D7F0EF131E7}.Debug|Any CPU.ActiveCfg = Debug|Any CPU
		{0BE3B271-A505-4A68-9C02-3D7F0EF131E7}.Debug|Any CPU.Build.0 = Debug|Any CPU
		{0BE3B271-A505-4A68-9C02-3D7F0EF131E7}.Release|Any CPU.ActiveCfg = Release|Any CPU
		{0BE3B271-A505-4A68-9C02-3D7F0EF131E7}.Release|Any CPU.Build.0 = Release|Any CPU
		{DB733601-BCF5-40D6-BE8E-CE6C9DDE4564}.Debug|Any CPU.ActiveCfg = Debug|Any CPU
		{DB733601-BCF5-40D6-BE8E-CE6C9DDE4564}.Debug|Any CPU.Build.0 = Debug|Any CPU
		{DB733601-BCF5-40D6-BE8E-CE6C9DDE4564}.Release|Any CPU.ActiveCfg = Release|Any CPU
		{DB733601-BCF5-40D6-BE8E-CE6C9DDE4564}.Release|Any CPU.Build.0 = Release|Any CPU
		{1B78F2AC-081A-4321-99B3-F4F882C91C84}.Debug|Any CPU.ActiveCfg = Debug|Any CPU
		{1B78F2AC-081A-4321-99B3-F4F882C91C84}.Debug|Any CPU.Build.0 = Debug|Any CPU
		{1B78F2AC-081A-4321-99B3-F4F882C91C84}.Release|Any CPU.ActiveCfg = Release|Any CPU
		{1B78F2AC-081A-4321-99B3-F4F882C91C84}.Release|Any CPU.Build.0 = Release|Any CPU
		{A235F3D4-51C1-417C-BEC9-955D78689E8F}.Debug|Any CPU.ActiveCfg = Debug|Any CPU
		{A235F3D4-51C1-417C-BEC9-955D78689E8F}.Debug|Any CPU.Build.0 = Debug|Any CPU
		{A235F3D4-51C1-417C-BEC9-955D78689E8F}.Release|Any CPU.ActiveCfg = Release|Any CPU
		{A235F3D4-51C1-417C-BEC9-955D78689E8F}.Release|Any CPU.Build.0 = Release|Any CPU
		{A0765C40-E37D-4EEE-9100-63DAD79C2678}.Debug|Any CPU.ActiveCfg = Debug|Any CPU
		{A0765C40-E37D-4EEE-9100-63DAD79C2678}.Debug|Any CPU.Build.0 = Debug|Any CPU
		{A0765C40-E37D-4EEE-9100-63DAD79C2678}.Release|Any CPU.ActiveCfg = Release|Any CPU
		{A0765C40-E37D-4EEE-9100-63DAD79C2678}.Release|Any CPU.Build.0 = Release|Any CPU
		{14CC9103-209A-4D38-97AC-951D55C315F1}.Debug|Any CPU.ActiveCfg = Debug|Any CPU
		{14CC9103-209A-4D38-97AC-951D55C315F1}.Debug|Any CPU.Build.0 = Debug|Any CPU
		{14CC9103-209A-4D38-97AC-951D55C315F1}.Release|Any CPU.ActiveCfg = Release|Any CPU
		{14CC9103-209A-4D38-97AC-951D55C315F1}.Release|Any CPU.Build.0 = Release|Any CPU
		{A056B32D-C458-4A14-8AD2-00387D6A3965}.Debug|Any CPU.ActiveCfg = Debug|Any CPU
		{A056B32D-C458-4A14-8AD2-00387D6A3965}.Debug|Any CPU.Build.0 = Debug|Any CPU
		{A056B32D-C458-4A14-8AD2-00387D6A3965}.Release|Any CPU.ActiveCfg = Release|Any CPU
		{A056B32D-C458-4A14-8AD2-00387D6A3965}.Release|Any CPU.Build.0 = Release|Any CPU
		{AA2A7C9F-BE9A-460F-8A2E-97FEDDFB30F4}.Debug|Any CPU.ActiveCfg = Debug|Any CPU
		{AA2A7C9F-BE9A-460F-8A2E-97FEDDFB30F4}.Debug|Any CPU.Build.0 = Debug|Any CPU
		{AA2A7C9F-BE9A-460F-8A2E-97FEDDFB30F4}.Release|Any CPU.ActiveCfg = Release|Any CPU
		{AA2A7C9F-BE9A-460F-8A2E-97FEDDFB30F4}.Release|Any CPU.Build.0 = Release|Any CPU
		{CB60E9F3-12E8-4C01-86A2-D966C0A1580B}.Debug|Any CPU.ActiveCfg = Debug|Any CPU
		{CB60E9F3-12E8-4C01-86A2-D966C0A1580B}.Debug|Any CPU.Build.0 = Debug|Any CPU
		{CB60E9F3-12E8-4C01-86A2-D966C0A1580B}.Release|Any CPU.ActiveCfg = Release|Any CPU
		{CB60E9F3-12E8-4C01-86A2-D966C0A1580B}.Release|Any CPU.Build.0 = Release|Any CPU
		{52EA7BBB-99A1-4AD4-A504-53A73A7A89D9}.Debug|Any CPU.ActiveCfg = Debug|Any CPU
		{52EA7BBB-99A1-4AD4-A504-53A73A7A89D9}.Debug|Any CPU.Build.0 = Debug|Any CPU
		{52EA7BBB-99A1-4AD4-A504-53A73A7A89D9}.Release|Any CPU.ActiveCfg = Release|Any CPU
		{52EA7BBB-99A1-4AD4-A504-53A73A7A89D9}.Release|Any CPU.Build.0 = Release|Any CPU
		{A75561AC-A01E-4241-B954-D899EEB5D74B}.Debug|Any CPU.ActiveCfg = Debug|Any CPU
		{A75561AC-A01E-4241-B954-D899EEB5D74B}.Debug|Any CPU.Build.0 = Debug|Any CPU
		{A75561AC-A01E-4241-B954-D899EEB5D74B}.Release|Any CPU.ActiveCfg = Release|Any CPU
		{A75561AC-A01E-4241-B954-D899EEB5D74B}.Release|Any CPU.Build.0 = Release|Any CPU
		{A5ADEAB3-3954-45A1-824F-F74F96CEA1A2}.Debug|Any CPU.ActiveCfg = Debug|Any CPU
		{A5ADEAB3-3954-45A1-824F-F74F96CEA1A2}.Debug|Any CPU.Build.0 = Debug|Any CPU
		{A5ADEAB3-3954-45A1-824F-F74F96CEA1A2}.Release|Any CPU.ActiveCfg = Release|Any CPU
		{A5ADEAB3-3954-45A1-824F-F74F96CEA1A2}.Release|Any CPU.Build.0 = Release|Any CPU
		{6466473F-D372-4DE7-8D25-C1A046B1E98F}.Debug|Any CPU.ActiveCfg = Debug|Any CPU
		{6466473F-D372-4DE7-8D25-C1A046B1E98F}.Debug|Any CPU.Build.0 = Debug|Any CPU
		{6466473F-D372-4DE7-8D25-C1A046B1E98F}.Release|Any CPU.ActiveCfg = Release|Any CPU
		{6466473F-D372-4DE7-8D25-C1A046B1E98F}.Release|Any CPU.Build.0 = Release|Any CPU
		{4ED96429-39EB-46F0-95BA-EF86208FD91C}.Debug|Any CPU.ActiveCfg = Debug|Any CPU
		{4ED96429-39EB-46F0-95BA-EF86208FD91C}.Debug|Any CPU.Build.0 = Debug|Any CPU
		{4ED96429-39EB-46F0-95BA-EF86208FD91C}.Release|Any CPU.ActiveCfg = Release|Any CPU
		{4ED96429-39EB-46F0-95BA-EF86208FD91C}.Release|Any CPU.Build.0 = Release|Any CPU
		{0E06E49C-6B2F-449C-A8E3-5676B51A825C}.Debug|Any CPU.ActiveCfg = Debug|Any CPU
		{0E06E49C-6B2F-449C-A8E3-5676B51A825C}.Debug|Any CPU.Build.0 = Debug|Any CPU
		{0E06E49C-6B2F-449C-A8E3-5676B51A825C}.Release|Any CPU.ActiveCfg = Release|Any CPU
		{0E06E49C-6B2F-449C-A8E3-5676B51A825C}.Release|Any CPU.Build.0 = Release|Any CPU
		{2D49B040-262F-4F26-B2F2-380606F14D39}.Debug|Any CPU.ActiveCfg = Debug|Any CPU
		{2D49B040-262F-4F26-B2F2-380606F14D39}.Debug|Any CPU.Build.0 = Debug|Any CPU
		{2D49B040-262F-4F26-B2F2-380606F14D39}.Release|Any CPU.ActiveCfg = Release|Any CPU
		{2D49B040-262F-4F26-B2F2-380606F14D39}.Release|Any CPU.Build.0 = Release|Any CPU
		{E5A12CB3-E9FB-4883-B101-E7CECD0CBC6D}.Debug|Any CPU.ActiveCfg = Debug|Any CPU
		{E5A12CB3-E9FB-4883-B101-E7CECD0CBC6D}.Debug|Any CPU.Build.0 = Debug|Any CPU
		{E5A12CB3-E9FB-4883-B101-E7CECD0CBC6D}.Release|Any CPU.ActiveCfg = Release|Any CPU
		{E5A12CB3-E9FB-4883-B101-E7CECD0CBC6D}.Release|Any CPU.Build.0 = Release|Any CPU
	EndGlobalSection
	GlobalSection(SolutionProperties) = preSolution
		HideSolutionNode = FALSE
	EndGlobalSection
	GlobalSection(NestedProjects) = preSolution
		{9B8A23A6-A676-4B51-A10C-2C18D9020936} = {CD6A6022-CD5E-446C-BFF3-1B3565CA30AA}
		{F7374769-9D55-4850-AA83-30668F8325EF} = {CD6A6022-CD5E-446C-BFF3-1B3565CA30AA}
		{0BE3B271-A505-4A68-9C02-3D7F0EF131E7} = {CD6A6022-CD5E-446C-BFF3-1B3565CA30AA}
		{DB733601-BCF5-40D6-BE8E-CE6C9DDE4564} = {CD6A6022-CD5E-446C-BFF3-1B3565CA30AA}
		{1B78F2AC-081A-4321-99B3-F4F882C91C84} = {CD6A6022-CD5E-446C-BFF3-1B3565CA30AA}
		{A235F3D4-51C1-417C-BEC9-955D78689E8F} = {FF3045E2-0470-4675-99F2-FBCD2BB880ED}
		{A0765C40-E37D-4EEE-9100-63DAD79C2678} = {FF3045E2-0470-4675-99F2-FBCD2BB880ED}
		{14CC9103-209A-4D38-97AC-951D55C315F1} = {FF3045E2-0470-4675-99F2-FBCD2BB880ED}
		{A056B32D-C458-4A14-8AD2-00387D6A3965} = {FF3045E2-0470-4675-99F2-FBCD2BB880ED}
		{AA2A7C9F-BE9A-460F-8A2E-97FEDDFB30F4} = {FF3045E2-0470-4675-99F2-FBCD2BB880ED}
		{CB60E9F3-12E8-4C01-86A2-D966C0A1580B} = {56A36317-4AEC-40F2-8434-7FC4CE05F836}
		{52EA7BBB-99A1-4AD4-A504-53A73A7A89D9} = {56A36317-4AEC-40F2-8434-7FC4CE05F836}
		{A75561AC-A01E-4241-B954-D899EEB5D74B} = {56A36317-4AEC-40F2-8434-7FC4CE05F836}
		{A5ADEAB3-3954-45A1-824F-F74F96CEA1A2} = {56A36317-4AEC-40F2-8434-7FC4CE05F836}
		{6466473F-D372-4DE7-8D25-C1A046B1E98F} = {3AC3ED1A-B5FF-4E92-B0A4-0139F84C17E2}
		{4ED96429-39EB-46F0-95BA-EF86208FD91C} = {3AC3ED1A-B5FF-4E92-B0A4-0139F84C17E2}
		{0E06E49C-6B2F-449C-A8E3-5676B51A825C} = {3AC3ED1A-B5FF-4E92-B0A4-0139F84C17E2}
		{2D49B040-262F-4F26-B2F2-380606F14D39} = {3AC3ED1A-B5FF-4E92-B0A4-0139F84C17E2}
		{E5A12CB3-E9FB-4883-B101-E7CECD0CBC6D} = {985ACF06-95BA-4EDC-9CEE-208FE2B69F5F}
	EndGlobalSection
	GlobalSection(ExtensibilityGlobals) = postSolution
		SolutionGuid = {7AD2AF1C-C6F0-4585-9DCD-D115D3BEDF69}
	EndGlobalSection
EndGlobal
